# This file was autogenerated by uv via the following command:
#    uv pip compile --python-version 3.12 --generate-hashes requirements.txt --output-file requirements.lock
pymupdf==1.28.0 \
    --hash=sha256:44f0973f5e5edbaec95bc34b64e71d1959d4ee90b1328de1b4f4f5b4fa78673f \
    --hash=sha256:47a5c29ed4eb0744de9c4e37bb49b1259b18d4d75fcc8a7c130f7c9fa15956f6 \
    --hash=sha256:4d61ec323a706e153a12e262e51febfb43eeaa20977785ace135d18d48bcdc83 \
    --hash=sha256:4d692dcf44d3566ae96bc6f6346c6ad432274a29ba617bf7a9fe18009e24adb4 \
    --hash=sha256:74c6d00ba2a9aad3a635db73b07c15db462b480741d831a34a75a56535ebc22b \
    --hash=sha256:892b89ba88e8f98b53133b62877a9dc9b5e7dc6a4aeb837b612db56a8d2e03ac \
    --hash=sha256:b3e1399c7a64c6914239116a369efcdaac4cfb9e838bde2656d7accc4a85c72d \
    --hash=sha256:caea2b3b67347fd79e5d15ed7929b0e886aac594ea228073b6d39de0078189da \
    --hash=sha256:e01e90fd86abfeb37ceb921eddb951f988a11d45ff6ce6b7664f2039849068ec \
    --hash=sha256:e53f3567403a92da15caa9e7ae0164327fff48817e9f40175367fb9de524258d
    # via -r requirements.txt
